<Solution>
  <Folder Name="/src/">
    <Project Path="src/Appointments/Appointments.Api.csproj" />
  </Folder>
  <Folder Name="/src/Libraries/">
    <Project Path="src/Libraries/Application/Application.csproj" />
    <Project Path="src/Libraries/Dal/Dal.csproj" />
    <Project Path="src/Libraries/DiConfig/DiConfig.csproj" />
  </Folder>
</Solution>
